// !$*UTF8*$!
{
	archiveVersion = 1;
	classes = {
	};
	objectVersion = 51;
	objects = {

/* Begin PBXBuildFile section */
		0556248623E4748C00CF4F62 /* getHullMatches.json in Resources */ = {isa = PBXBuildFile; fileRef = 058F91C423E4348C00E8CA5B /* getHullMatches.json */; };
		058F91A123E42F5100E8CA5B /* BindableType.swift in Sources */ = {isa = PBXBuildFile; fileRef = 058F91A023E42F5100E8CA5B /* BindableType.swift */; };
		058F91A323E42F7200E8CA5B /* Rx+.swift in Sources */ = {isa = PBXBuildFile; fileRef = 058F91A223E42F7200E8CA5B /* Rx+.swift */; };
		058F91A523E42F9600E8CA5B /* StoryboardIdentifiable.swift in Sources */ = {isa = PBXBuildFile; fileRef = 058F91A423E42F9600E8CA5B /* StoryboardIdentifiable.swift */; };
		058F91A823E42FD100E8CA5B /* UITableView+Identifiable.swift in Sources */ = {isa = PBXBuildFile; fileRef = 058F91A723E42FD100E8CA5B /* UITableView+Identifiable.swift */; };
		058F91AA23E42FEF00E8CA5B /* CollectionView+Idenfitiable.swift in Sources */ = {isa = PBXBuildFile; fileRef = 058F91A923E42FEF00E8CA5B /* CollectionView+Idenfitiable.swift */; };
		058F91AC23E4300500E8CA5B /* NibIdentifiable.swift in Sources */ = {isa = PBXBuildFile; fileRef = 058F91AB23E4300500E8CA5B /* NibIdentifiable.swift */; };
		058F91AE23E4301C00E8CA5B /* ClassIdentifiable.swift in Sources */ = {isa = PBXBuildFile; fileRef = 058F91AD23E4301C00E8CA5B /* ClassIdentifiable.swift */; };
		058F91B023E4308B00E8CA5B /* UIStoryboard+.swift in Sources */ = {isa = PBXBuildFile; fileRef = 058F91AF23E4308B00E8CA5B /* UIStoryboard+.swift */; };
		058F91B223E430A900E8CA5B /* UITableView+.swift in Sources */ = {isa = PBXBuildFile; fileRef = 058F91B123E430A900E8CA5B /* UITableView+.swift */; };
		058F91BB23E4323B00E8CA5B /* FixturesViewController.swift in Sources */ = {isa = PBXBuildFile; fileRef = 058F91BA23E4323B00E8CA5B /* FixturesViewController.swift */; };
		058F91BD23E4327400E8CA5B /* LaunchManager.swift in Sources */ = {isa = PBXBuildFile; fileRef = 058F91BC23E4327400E8CA5B /* LaunchManager.swift */; };
		058F91C523E4348C00E8CA5B /* teams.json in Resources */ = {isa = PBXBuildFile; fileRef = 058F91C323E4348C00E8CA5B /* teams.json */; };
		058F91C623E4348C00E8CA5B /* getHullMatches.json in Resources */ = {isa = PBXBuildFile; fileRef = 058F91C423E4348C00E8CA5B /* getHullMatches.json */; };
		058F91CB23E435F500E8CA5B /* FixturesError.swift in Sources */ = {isa = PBXBuildFile; fileRef = 058F91CA23E435F500E8CA5B /* FixturesError.swift */; };
		058F91CE23E4365100E8CA5B /* GetMatchesRequest.swift in Sources */ = {isa = PBXBuildFile; fileRef = 058F91CD23E4365100E8CA5B /* GetMatchesRequest.swift */; };
		058F91D023E4367700E8CA5B /* FixturesTarget.swift in Sources */ = {isa = PBXBuildFile; fileRef = 058F91CF23E4367700E8CA5B /* FixturesTarget.swift */; };
		058F91D223E4369B00E8CA5B /* FixtureServiceType.swift in Sources */ = {isa = PBXBuildFile; fileRef = 058F91D123E4369B00E8CA5B /* FixtureServiceType.swift */; };
		058F91D423E436CB00E8CA5B /* FixturesService.swift in Sources */ = {isa = PBXBuildFile; fileRef = 058F91D323E436CB00E8CA5B /* FixturesService.swift */; };
		058F91D623E436F300E8CA5B /* Config.swift in Sources */ = {isa = PBXBuildFile; fileRef = 058F91D523E436F300E8CA5B /* Config.swift */; };
		058F91D823E4371D00E8CA5B /* Base.swift in Sources */ = {isa = PBXBuildFile; fileRef = 058F91D723E4371D00E8CA5B /* Base.swift */; };
		058F91DA23E43B9200E8CA5B /* Filters.swift in Sources */ = {isa = PBXBuildFile; fileRef = 058F91D923E43B9200E8CA5B /* Filters.swift */; };
		058F91DC23E43BD400E8CA5B /* Match.swift in Sources */ = {isa = PBXBuildFile; fileRef = 058F91DB23E43BD400E8CA5B /* Match.swift */; };
		058F91DE23E43BE300E8CA5B /* Team.swift in Sources */ = {isa = PBXBuildFile; fileRef = 058F91DD23E43BE200E8CA5B /* Team.swift */; };
		058F91E023E43BFB00E8CA5B /* Competition.swift in Sources */ = {isa = PBXBuildFile; fileRef = 058F91DF23E43BFB00E8CA5B /* Competition.swift */; };
		058F91E223E43C1400E8CA5B /* Area.swift in Sources */ = {isa = PBXBuildFile; fileRef = 058F91E123E43C1400E8CA5B /* Area.swift */; };
		058F91E423E43C3100E8CA5B /* Referee.swift in Sources */ = {isa = PBXBuildFile; fileRef = 058F91E323E43C3100E8CA5B /* Referee.swift */; };
		058F91E623E43C4200E8CA5B /* Score.swift in Sources */ = {isa = PBXBuildFile; fileRef = 058F91E523E43C4200E8CA5B /* Score.swift */; };
		058F91E823E43C5300E8CA5B /* ExtraTime.swift in Sources */ = {isa = PBXBuildFile; fileRef = 058F91E723E43C5300E8CA5B /* ExtraTime.swift */; };
		058F91EA23E43C6300E8CA5B /* Season.swift in Sources */ = {isa = PBXBuildFile; fileRef = 058F91E923E43C6300E8CA5B /* Season.swift */; };
		058F91EC23E43C7100E8CA5B /* Status.swift in Sources */ = {isa = PBXBuildFile; fileRef = 058F91EB23E43C7100E8CA5B /* Status.swift */; };
		058F91FC23E4412400E8CA5B /* FixturesServiceTests.swift in Sources */ = {isa = PBXBuildFile; fileRef = 058F91FB23E4412400E8CA5B /* FixturesServiceTests.swift */; };
		058F920323E44F0C00E8CA5B /* FixturesViewModel.swift in Sources */ = {isa = PBXBuildFile; fileRef = 058F920223E44F0C00E8CA5B /* FixturesViewModel.swift */; };
		058F920523E44F3C00E8CA5B /* MatchCellViewModel.swift in Sources */ = {isa = PBXBuildFile; fileRef = 058F920423E44F3C00E8CA5B /* MatchCellViewModel.swift */; };
		058F920723E44F5400E8CA5B /* MatchCell.swift in Sources */ = {isa = PBXBuildFile; fileRef = 058F920623E44F5400E8CA5B /* MatchCell.swift */; };
		058F920A23E44F7A00E8CA5B /* MatchCellScheduledView.swift in Sources */ = {isa = PBXBuildFile; fileRef = 058F920923E44F7A00E8CA5B /* MatchCellScheduledView.swift */; };
		058F920C23E44F9300E8CA5B /* MatchCellHeaderView.swift in Sources */ = {isa = PBXBuildFile; fileRef = 058F920B23E44F9300E8CA5B /* MatchCellHeaderView.swift */; };
		058F920E23E44FB800E8CA5B /* MatchCellScoreView.swift in Sources */ = {isa = PBXBuildFile; fileRef = 058F920D23E44FB800E8CA5B /* MatchCellScoreView.swift */; };
		058F921023E44FE600E8CA5B /* MatchCellTeamView.swift in Sources */ = {isa = PBXBuildFile; fileRef = 058F920F23E44FE600E8CA5B /* MatchCellTeamView.swift */; };
		058F921223E4503200E8CA5B /* MatchCell.xib in Resources */ = {isa = PBXBuildFile; fileRef = 058F921123E4503200E8CA5B /* MatchCell.xib */; };
		058F921423E4529900E8CA5B /* FixturesViewModelTests.swift in Sources */ = {isa = PBXBuildFile; fileRef = 058F921323E4529900E8CA5B /* FixturesViewModelTests.swift */; };
		2685D7EB3C530F641023C614 /* Pods_Fixtures.framework in Frameworks */ = {isa = PBXBuildFile; fileRef = 2D7EDF1A26E818EA707D1F67 /* Pods_Fixtures.framework */; };
		97412FB0C3FB93FCE157E857 /* Pods_FixturesTests.framework in Frameworks */ = {isa = PBXBuildFile; fileRef = C43FECEBBF901F8D851D5315 /* Pods_FixturesTests.framework */; };
		D87E87D6213D6CF800D81EA0 /* AppDelegate.swift in Sources */ = {isa = PBXBuildFile; fileRef = D87E87D5213D6CF800D81EA0 /* AppDelegate.swift */; };
		D87E87DB213D6CF800D81EA0 /* Main.storyboard in Resources */ = {isa = PBXBuildFile; fileRef = D87E87D9213D6CF800D81EA0 /* Main.storyboard */; };
		D87E87DD213D6CF900D81EA0 /* Assets.xcassets in Resources */ = {isa = PBXBuildFile; fileRef = D87E87DC213D6CF900D81EA0 /* Assets.xcassets */; };
		D87E87E0213D6CF900D81EA0 /* LaunchScreen.storyboard in Resources */ = {isa = PBXBuildFile; fileRef = D87E87DE213D6CF900D81EA0 /* LaunchScreen.storyboard */; };
/* End PBXBuildFile section */

/* Begin PBXContainerItemProxy section */
		058F91F623E4410400E8CA5B /* PBXContainerItemProxy */ = {
			isa = PBXContainerItemProxy;
			containerPortal = D87E87CA213D6CF700D81EA0 /* Project object */;
			proxyType = 1;
			remoteGlobalIDString = D87E87D1213D6CF800D81EA0;
			remoteInfo = Fixtures;
		};
/* End PBXContainerItemProxy section */

/* Begin PBXFileReference section */
		058F91A023E42F5100E8CA5B /* BindableType.swift */ = {isa = PBXFileReference; lastKnownFileType = sourcecode.swift; path = BindableType.swift; sourceTree = "<group>"; };
		058F91A223E42F7200E8CA5B /* Rx+.swift */ = {isa = PBXFileReference; lastKnownFileType = sourcecode.swift; path = "Rx+.swift"; sourceTree = "<group>"; };
		058F91A423E42F9600E8CA5B /* StoryboardIdentifiable.swift */ = {isa = PBXFileReference; lastKnownFileType = sourcecode.swift; path = StoryboardIdentifiable.swift; sourceTree = "<group>"; };
		058F91A723E42FD100E8CA5B /* UITableView+Identifiable.swift */ = {isa = PBXFileReference; lastKnownFileType = sourcecode.swift; path = "UITableView+Identifiable.swift"; sourceTree = "<group>"; };
		058F91A923E42FEF00E8CA5B /* CollectionView+Idenfitiable.swift */ = {isa = PBXFileReference; lastKnownFileType = sourcecode.swift; path = "CollectionView+Idenfitiable.swift"; sourceTree = "<group>"; };
		058F91AB23E4300500E8CA5B /* NibIdentifiable.swift */ = {isa = PBXFileReference; lastKnownFileType = sourcecode.swift; path = NibIdentifiable.swift; sourceTree = "<group>"; };
		058F91AD23E4301C00E8CA5B /* ClassIdentifiable.swift */ = {isa = PBXFileReference; lastKnownFileType = sourcecode.swift; path = ClassIdentifiable.swift; sourceTree = "<group>"; };
		058F91AF23E4308B00E8CA5B /* UIStoryboard+.swift */ = {isa = PBXFileReference; lastKnownFileType = sourcecode.swift; path = "UIStoryboard+.swift"; sourceTree = "<group>"; };
		058F91B123E430A900E8CA5B /* UITableView+.swift */ = {isa = PBXFileReference; lastKnownFileType = sourcecode.swift; path = "UITableView+.swift"; sourceTree = "<group>"; };
		058F91BA23E4323B00E8CA5B /* FixturesViewController.swift */ = {isa = PBXFileReference; lastKnownFileType = sourcecode.swift; path = FixturesViewController.swift; sourceTree = "<group>"; };
		058F91BC23E4327400E8CA5B /* LaunchManager.swift */ = {isa = PBXFileReference; lastKnownFileType = sourcecode.swift; path = LaunchManager.swift; sourceTree = "<group>"; };
		058F91C323E4348C00E8CA5B /* teams.json */ = {isa = PBXFileReference; fileEncoding = 4; lastKnownFileType = text.json; path = teams.json; sourceTree = "<group>"; };
		058F91C423E4348C00E8CA5B /* getHullMatches.json */ = {isa = PBXFileReference; fileEncoding = 4; lastKnownFileType = text.json; path = getHullMatches.json; sourceTree = "<group>"; };
		058F91CA23E435F500E8CA5B /* FixturesError.swift */ = {isa = PBXFileReference; lastKnownFileType = sourcecode.swift; path = FixturesError.swift; sourceTree = "<group>"; };
		058F91CD23E4365100E8CA5B /* GetMatchesRequest.swift */ = {isa = PBXFileReference; lastKnownFileType = sourcecode.swift; path = GetMatchesRequest.swift; sourceTree = "<group>"; };
		058F91CF23E4367700E8CA5B /* FixturesTarget.swift */ = {isa = PBXFileReference; lastKnownFileType = sourcecode.swift; path = FixturesTarget.swift; sourceTree = "<group>"; };
		058F91D123E4369B00E8CA5B /* FixtureServiceType.swift */ = {isa = PBXFileReference; lastKnownFileType = sourcecode.swift; path = FixtureServiceType.swift; sourceTree = "<group>"; };
		058F91D323E436CB00E8CA5B /* FixturesService.swift */ = {isa = PBXFileReference; lastKnownFileType = sourcecode.swift; path = FixturesService.swift; sourceTree = "<group>"; };
		058F91D523E436F300E8CA5B /* Config.swift */ = {isa = PBXFileReference; lastKnownFileType = sourcecode.swift; path = Config.swift; sourceTree = "<group>"; };
		058F91D723E4371D00E8CA5B /* Base.swift */ = {isa = PBXFileReference; lastKnownFileType = sourcecode.swift; path = Base.swift; sourceTree = "<group>"; };
		058F91D923E43B9200E8CA5B /* Filters.swift */ = {isa = PBXFileReference; lastKnownFileType = sourcecode.swift; path = Filters.swift; sourceTree = "<group>"; };
		058F91DB23E43BD400E8CA5B /* Match.swift */ = {isa = PBXFileReference; lastKnownFileType = sourcecode.swift; path = Match.swift; sourceTree = "<group>"; };
		058F91DD23E43BE200E8CA5B /* Team.swift */ = {isa = PBXFileReference; lastKnownFileType = sourcecode.swift; path = Team.swift; sourceTree = "<group>"; };
		058F91DF23E43BFB00E8CA5B /* Competition.swift */ = {isa = PBXFileReference; lastKnownFileType = sourcecode.swift; path = Competition.swift; sourceTree = "<group>"; };
		058F91E123E43C1400E8CA5B /* Area.swift */ = {isa = PBXFileReference; lastKnownFileType = sourcecode.swift; path = Area.swift; sourceTree = "<group>"; };
		058F91E323E43C3100E8CA5B /* Referee.swift */ = {isa = PBXFileReference; lastKnownFileType = sourcecode.swift; path = Referee.swift; sourceTree = "<group>"; };
		058F91E523E43C4200E8CA5B /* Score.swift */ = {isa = PBXFileReference; lastKnownFileType = sourcecode.swift; path = Score.swift; sourceTree = "<group>"; };
		058F91E723E43C5300E8CA5B /* ExtraTime.swift */ = {isa = PBXFileReference; lastKnownFileType = sourcecode.swift; path = ExtraTime.swift; sourceTree = "<group>"; };
		058F91E923E43C6300E8CA5B /* Season.swift */ = {isa = PBXFileReference; lastKnownFileType = sourcecode.swift; path = Season.swift; sourceTree = "<group>"; };
		058F91EB23E43C7100E8CA5B /* Status.swift */ = {isa = PBXFileReference; lastKnownFileType = sourcecode.swift; path = Status.swift; sourceTree = "<group>"; };
		058F91F123E4410400E8CA5B /* FixturesTests.xctest */ = {isa = PBXFileReference; explicitFileType = wrapper.cfbundle; includeInIndex = 0; path = FixturesTests.xctest; sourceTree = BUILT_PRODUCTS_DIR; };
		058F91F523E4410400E8CA5B /* Info.plist */ = {isa = PBXFileReference; lastKnownFileType = text.plist.xml; path = Info.plist; sourceTree = "<group>"; };
		058F91FB23E4412400E8CA5B /* FixturesServiceTests.swift */ = {isa = PBXFileReference; lastKnownFileType = sourcecode.swift; path = FixturesServiceTests.swift; sourceTree = "<group>"; };
		058F920223E44F0C00E8CA5B /* FixturesViewModel.swift */ = {isa = PBXFileReference; lastKnownFileType = sourcecode.swift; path = FixturesViewModel.swift; sourceTree = "<group>"; };
		058F920423E44F3C00E8CA5B /* MatchCellViewModel.swift */ = {isa = PBXFileReference; lastKnownFileType = sourcecode.swift; path = MatchCellViewModel.swift; sourceTree = "<group>"; };
		058F920623E44F5400E8CA5B /* MatchCell.swift */ = {isa = PBXFileReference; lastKnownFileType = sourcecode.swift; path = MatchCell.swift; sourceTree = "<group>"; };
		058F920923E44F7A00E8CA5B /* MatchCellScheduledView.swift */ = {isa = PBXFileReference; lastKnownFileType = sourcecode.swift; path = MatchCellScheduledView.swift; sourceTree = "<group>"; };
		058F920B23E44F9300E8CA5B /* MatchCellHeaderView.swift */ = {isa = PBXFileReference; lastKnownFileType = sourcecode.swift; path = MatchCellHeaderView.swift; sourceTree = "<group>"; };
		058F920D23E44FB800E8CA5B /* MatchCellScoreView.swift */ = {isa = PBXFileReference; lastKnownFileType = sourcecode.swift; path = MatchCellScoreView.swift; sourceTree = "<group>"; };
		058F920F23E44FE600E8CA5B /* MatchCellTeamView.swift */ = {isa = PBXFileReference; lastKnownFileType = sourcecode.swift; path = MatchCellTeamView.swift; sourceTree = "<group>"; };
		058F921123E4503200E8CA5B /* MatchCell.xib */ = {isa = PBXFileReference; lastKnownFileType = file.xib; path = MatchCell.xib; sourceTree = "<group>"; };
		058F921323E4529900E8CA5B /* FixturesViewModelTests.swift */ = {isa = PBXFileReference; lastKnownFileType = sourcecode.swift; path = FixturesViewModelTests.swift; sourceTree = "<group>"; };
		193A015DF768C2FCEEEC9243 /* Pods-Fixtures.release.xcconfig */ = {isa = PBXFileReference; includeInIndex = 1; lastKnownFileType = text.xcconfig; name = "Pods-Fixtures.release.xcconfig"; path = "Pods/Target Support Files/Pods-Fixtures/Pods-Fixtures.release.xcconfig"; sourceTree = "<group>"; };
		2D7EDF1A26E818EA707D1F67 /* Pods_Fixtures.framework */ = {isa = PBXFileReference; explicitFileType = wrapper.framework; includeInIndex = 0; path = Pods_Fixtures.framework; sourceTree = BUILT_PRODUCTS_DIR; };
		335AC0FD85019A20A5CF75DA /* Pods-FixturesTests.release.xcconfig */ = {isa = PBXFileReference; includeInIndex = 1; lastKnownFileType = text.xcconfig; name = "Pods-FixturesTests.release.xcconfig"; path = "Pods/Target Support Files/Pods-FixturesTests/Pods-FixturesTests.release.xcconfig"; sourceTree = "<group>"; };
		3E997DC7474396999B3A62F6 /* Pods-Fixtures.debug.xcconfig */ = {isa = PBXFileReference; includeInIndex = 1; lastKnownFileType = text.xcconfig; name = "Pods-Fixtures.debug.xcconfig"; path = "Pods/Target Support Files/Pods-Fixtures/Pods-Fixtures.debug.xcconfig"; sourceTree = "<group>"; };
		C43FECEBBF901F8D851D5315 /* Pods_FixturesTests.framework */ = {isa = PBXFileReference; explicitFileType = wrapper.framework; includeInIndex = 0; path = Pods_FixturesTests.framework; sourceTree = BUILT_PRODUCTS_DIR; };
		D87E87D2213D6CF800D81EA0 /* Fixtures.app */ = {isa = PBXFileReference; explicitFileType = wrapper.application; includeInIndex = 0; path = Fixtures.app; sourceTree = BUILT_PRODUCTS_DIR; };
		D87E87D5213D6CF800D81EA0 /* AppDelegate.swift */ = {isa = PBXFileReference; lastKnownFileType = sourcecode.swift; path = AppDelegate.swift; sourceTree = "<group>"; };
		D87E87DA213D6CF800D81EA0 /* Base */ = {isa = PBXFileReference; lastKnownFileType = file.storyboard; name = Base; path = Base.lproj/Main.storyboard; sourceTree = "<group>"; };
		D87E87DC213D6CF900D81EA0 /* Assets.xcassets */ = {isa = PBXFileReference; lastKnownFileType = folder.assetcatalog; path = Assets.xcassets; sourceTree = "<group>"; };
		D87E87DF213D6CF900D81EA0 /* Base */ = {isa = PBXFileReference; lastKnownFileType = file.storyboard; name = Base; path = Base.lproj/LaunchScreen.storyboard; sourceTree = "<group>"; };
		D87E87E1213D6CF900D81EA0 /* Info.plist */ = {isa = PBXFileReference; lastKnownFileType = text.plist.xml; path = Info.plist; sourceTree = "<group>"; };
		F844624B9BB6A68BC116FE38 /* Pods-FixturesTests.debug.xcconfig */ = {isa = PBXFileReference; includeInIndex = 1; lastKnownFileType = text.xcconfig; name = "Pods-FixturesTests.debug.xcconfig"; path = "Pods/Target Support Files/Pods-FixturesTests/Pods-FixturesTests.debug.xcconfig"; sourceTree = "<group>"; };
/* End PBXFileReference section */

/* Begin PBXFrameworksBuildPhase section */
		058F91EE23E4410400E8CA5B /* Frameworks */ = {
			isa = PBXFrameworksBuildPhase;
			buildActionMask = 2147483647;
			files = (
				97412FB0C3FB93FCE157E857 /* Pods_FixturesTests.framework in Frameworks */,
			);
			runOnlyForDeploymentPostprocessing = 0;
		};
		D87E87CF213D6CF800D81EA0 /* Frameworks */ = {
			isa = PBXFrameworksBuildPhase;
			buildActionMask = 2147483647;
			files = (
				2685D7EB3C530F641023C614 /* Pods_Fixtures.framework in Frameworks */,
			);
			runOnlyForDeploymentPostprocessing = 0;
		};
/* End PBXFrameworksBuildPhase section */

/* Begin PBXGroup section */
		058F919A23E42F0000E8CA5B /* Infrastructure */ = {
			isa = PBXGroup;
			children = (
				058F91A623E42FB200E8CA5B /* Idenfitiable */,
				058F919B23E42F0E00E8CA5B /* Service */,
				058F919E23E42F1800E8CA5B /* Utils */,
			);
			path = Infrastructure;
			sourceTree = "<group>";
		};
		058F919B23E42F0E00E8CA5B /* Service */ = {
			isa = PBXGroup;
			children = (
				058F91C923E435EB00E8CA5B /* Error */,
				058F91C123E4347600E8CA5B /* Implementation */,
				058F91BF23E4346600E8CA5B /* Request */,
				058F91C223E4347E00E8CA5B /* Samples */,
			);
			path = Service;
			sourceTree = "<group>";
		};
		058F919E23E42F1800E8CA5B /* Utils */ = {
			isa = PBXGroup;
			children = (
				058F91A023E42F5100E8CA5B /* BindableType.swift */,
				058F91D523E436F300E8CA5B /* Config.swift */,
				058F91A223E42F7200E8CA5B /* Rx+.swift */,
				058F91A423E42F9600E8CA5B /* StoryboardIdentifiable.swift */,
			);
			path = Utils;
			sourceTree = "<group>";
		};
		058F91A623E42FB200E8CA5B /* Idenfitiable */ = {
			isa = PBXGroup;
			children = (
				058F91AD23E4301C00E8CA5B /* ClassIdentifiable.swift */,
				058F91A923E42FEF00E8CA5B /* CollectionView+Idenfitiable.swift */,
				058F91AB23E4300500E8CA5B /* NibIdentifiable.swift */,
				058F91AF23E4308B00E8CA5B /* UIStoryboard+.swift */,
				058F91B123E430A900E8CA5B /* UITableView+.swift */,
				058F91A723E42FD100E8CA5B /* UITableView+Identifiable.swift */,
			);
			path = Idenfitiable;
			sourceTree = "<group>";
		};
		058F91B323E4311F00E8CA5B /* Base */ = {
			isa = PBXGroup;
			children = (
				D87E87D5213D6CF800D81EA0 /* AppDelegate.swift */,
				058F91BC23E4327400E8CA5B /* LaunchManager.swift */,
				D87E87DE213D6CF900D81EA0 /* LaunchScreen.storyboard */,
				D87E87D9213D6CF800D81EA0 /* Main.storyboard */,
			);
			path = Base;
			sourceTree = "<group>";
		};
		058F91B423E4312200E8CA5B /* Resources */ = {
			isa = PBXGroup;
			children = (
				D87E87DC213D6CF900D81EA0 /* Assets.xcassets */,
			);
			path = Resources;
			sourceTree = "<group>";
		};
		058F91B523E4312500E8CA5B /* Scenes */ = {
			isa = PBXGroup;
			children = (
				058F91B723E4314200E8CA5B /* Fixtures */,
			);
			path = Scenes;
			sourceTree = "<group>";
		};
		058F91B623E4312800E8CA5B /* Models */ = {
			isa = PBXGroup;
			children = (
				058F91E123E43C1400E8CA5B /* Area.swift */,
				058F91D723E4371D00E8CA5B /* Base.swift */,
				058F91DF23E43BFB00E8CA5B /* Competition.swift */,
				058F91E723E43C5300E8CA5B /* ExtraTime.swift */,
				058F91D923E43B9200E8CA5B /* Filters.swift */,
				058F91DB23E43BD400E8CA5B /* Match.swift */,
				058F91E323E43C3100E8CA5B /* Referee.swift */,
				058F91E523E43C4200E8CA5B /* Score.swift */,
				058F91E923E43C6300E8CA5B /* Season.swift */,
				058F91EB23E43C7100E8CA5B /* Status.swift */,
				058F91DD23E43BE200E8CA5B /* Team.swift */,
			);
			path = Models;
			sourceTree = "<group>";
		};
		058F91B723E4314200E8CA5B /* Fixtures */ = {
			isa = PBXGroup;
			children = (
				058F920123E44EE700E8CA5B /* Cell */,
				058F91FF23E44EDD00E8CA5B /* Controller */,
				058F920023E44EE500E8CA5B /* ViewModel */,
			);
			path = Fixtures;
			sourceTree = "<group>";
		};
		058F91BF23E4346600E8CA5B /* Request */ = {
			isa = PBXGroup;
			children = (
				058F91CD23E4365100E8CA5B /* GetMatchesRequest.swift */,
			);
			path = Request;
			sourceTree = "<group>";
		};
		058F91C123E4347600E8CA5B /* Implementation */ = {
			isa = PBXGroup;
			children = (
				058F91D123E4369B00E8CA5B /* FixtureServiceType.swift */,
				058F91D323E436CB00E8CA5B /* FixturesService.swift */,
				058F91CF23E4367700E8CA5B /* FixturesTarget.swift */,
			);
			path = Implementation;
			sourceTree = "<group>";
		};
		058F91C223E4347E00E8CA5B /* Samples */ = {
			isa = PBXGroup;
			children = (
				058F91C423E4348C00E8CA5B /* getHullMatches.json */,
				058F91C323E4348C00E8CA5B /* teams.json */,
			);
			path = Samples;
			sourceTree = "<group>";
		};
		058F91C923E435EB00E8CA5B /* Error */ = {
			isa = PBXGroup;
			children = (
				058F91CA23E435F500E8CA5B /* FixturesError.swift */,
			);
			path = Error;
			sourceTree = "<group>";
		};
		058F91F223E4410400E8CA5B /* FixturesTests */ = {
			isa = PBXGroup;
			children = (
				058F91F523E4410400E8CA5B /* Info.plist */,
				058F91FB23E4412400E8CA5B /* FixturesServiceTests.swift */,
				058F921323E4529900E8CA5B /* FixturesViewModelTests.swift */,
			);
			path = FixturesTests;
			sourceTree = "<group>";
		};
		058F91FF23E44EDD00E8CA5B /* Controller */ = {
			isa = PBXGroup;
			children = (
				058F91BA23E4323B00E8CA5B /* FixturesViewController.swift */,
			);
			path = Controller;
			sourceTree = "<group>";
		};
		058F920023E44EE500E8CA5B /* ViewModel */ = {
			isa = PBXGroup;
			children = (
				058F920223E44F0C00E8CA5B /* FixturesViewModel.swift */,
			);
			path = ViewModel;
			sourceTree = "<group>";
		};
		058F920123E44EE700E8CA5B /* Cell */ = {
			isa = PBXGroup;
			children = (
				058F920623E44F5400E8CA5B /* MatchCell.swift */,
				058F920423E44F3C00E8CA5B /* MatchCellViewModel.swift */,
				058F920823E44F6A00E8CA5B /* HelperViews */,
			);
			path = Cell;
			sourceTree = "<group>";
		};
		058F920823E44F6A00E8CA5B /* HelperViews */ = {
			isa = PBXGroup;
			children = (
				058F920B23E44F9300E8CA5B /* MatchCellHeaderView.swift */,
				058F920923E44F7A00E8CA5B /* MatchCellScheduledView.swift */,
				058F920D23E44FB800E8CA5B /* MatchCellScoreView.swift */,
				058F920F23E44FE600E8CA5B /* MatchCellTeamView.swift */,
				058F921123E4503200E8CA5B /* MatchCell.xib */,
			);
			path = HelperViews;
			sourceTree = "<group>";
		};
		12EF9AAAA37C861B5438CEDC /* Frameworks */ = {
			isa = PBXGroup;
			children = (
				2D7EDF1A26E818EA707D1F67 /* Pods_Fixtures.framework */,
				C43FECEBBF901F8D851D5315 /* Pods_FixturesTests.framework */,
			);
			name = Frameworks;
			sourceTree = "<group>";
		};
		B3B91A254A939C741086860E /* Pods */ = {
			isa = PBXGroup;
			children = (
				3E997DC7474396999B3A62F6 /* Pods-Fixtures.debug.xcconfig */,
				193A015DF768C2FCEEEC9243 /* Pods-Fixtures.release.xcconfig */,
				F844624B9BB6A68BC116FE38 /* Pods-FixturesTests.debug.xcconfig */,
				335AC0FD85019A20A5CF75DA /* Pods-FixturesTests.release.xcconfig */,
			);
			name = Pods;
			sourceTree = "<group>";
		};
		D87E87C9213D6CF700D81EA0 = {
			isa = PBXGroup;
			children = (
				D87E87D4213D6CF800D81EA0 /* Fixtures */,
				058F91F223E4410400E8CA5B /* FixturesTests */,
				D87E87D3213D6CF800D81EA0 /* Products */,
				B3B91A254A939C741086860E /* Pods */,
				12EF9AAAA37C861B5438CEDC /* Frameworks */,
			);
			sourceTree = "<group>";
		};
		D87E87D3213D6CF800D81EA0 /* Products */ = {
			isa = PBXGroup;
			children = (
				D87E87D2213D6CF800D81EA0 /* Fixtures.app */,
				058F91F123E4410400E8CA5B /* FixturesTests.xctest */,
			);
			name = Products;
			sourceTree = "<group>";
		};
		D87E87D4213D6CF800D81EA0 /* Fixtures */ = {
			isa = PBXGroup;
			children = (
				D87E87E1213D6CF900D81EA0 /* Info.plist */,
				058F91B323E4311F00E8CA5B /* Base */,
				058F919A23E42F0000E8CA5B /* Infrastructure */,
				058F91B623E4312800E8CA5B /* Models */,
				058F91B423E4312200E8CA5B /* Resources */,
				058F91B523E4312500E8CA5B /* Scenes */,
			);
			path = Fixtures;
			sourceTree = "<group>";
		};
/* End PBXGroup section */

/* Begin PBXNativeTarget section */
		058F91F023E4410400E8CA5B /* FixturesTests */ = {
			isa = PBXNativeTarget;
			buildConfigurationList = 058F91F823E4410400E8CA5B /* Build configuration list for PBXNativeTarget "FixturesTests" */;
			buildPhases = (
				FF67E68126D4CC9716B06000 /* [CP] Check Pods Manifest.lock */,
				058F91ED23E4410400E8CA5B /* Sources */,
				058F91EE23E4410400E8CA5B /* Frameworks */,
				058F91EF23E4410400E8CA5B /* Resources */,
				B864C94C03C240AB89307103 /* [CP] Embed Pods Frameworks */,
			);
			buildRules = (
			);
			dependencies = (
				058F91F723E4410400E8CA5B /* PBXTargetDependency */,
			);
			name = FixturesTests;
			productName = FixturesTests;
			productReference = 058F91F123E4410400E8CA5B /* FixturesTests.xctest */;
			productType = "com.apple.product-type.bundle.unit-test";
		};
		D87E87D1213D6CF800D81EA0 /* Fixtures */ = {
			isa = PBXNativeTarget;
			buildConfigurationList = D87E87E4213D6CF900D81EA0 /* Build configuration list for PBXNativeTarget "Fixtures" */;
			buildPhases = (
				8BED616FF1A41A9562F14155 /* [CP] Check Pods Manifest.lock */,
				D87E87CE213D6CF800D81EA0 /* Sources */,
				D87E87CF213D6CF800D81EA0 /* Frameworks */,
				D87E87D0213D6CF800D81EA0 /* Resources */,
				07BF2465C7221098648F9306 /* [CP] Embed Pods Frameworks */,
			);
			buildRules = (
			);
			dependencies = (
			);
			name = Fixtures;
			productName = Fixtures;
			productReference = D87E87D2213D6CF800D81EA0 /* Fixtures.app */;
			productType = "com.apple.product-type.application";
		};
/* End PBXNativeTarget section */

/* Begin PBXProject section */
		D87E87CA213D6CF700D81EA0 /* Project object */ = {
			isa = PBXProject;
			attributes = {
				LastSwiftUpdateCheck = 1130;
				LastUpgradeCheck = 0940;
				ORGANIZATIONNAME = "InCrowd Sports";
				TargetAttributes = {
					058F91F023E4410400E8CA5B = {
						CreatedOnToolsVersion = 11.3.1;
						TestTargetID = D87E87D1213D6CF800D81EA0;
					};
					D87E87D1213D6CF800D81EA0 = {
						CreatedOnToolsVersion = 9.4.1;
						LastSwiftMigration = 1130;
					};
				};
			};
			buildConfigurationList = D87E87CD213D6CF700D81EA0 /* Build configuration list for PBXProject "Fixtures" */;
			compatibilityVersion = "Xcode 9.3";
			developmentRegion = en;
			hasScannedForEncodings = 0;
			knownRegions = (
				en,
				Base,
			);
			mainGroup = D87E87C9213D6CF700D81EA0;
			productRefGroup = D87E87D3213D6CF800D81EA0 /* Products */;
			projectDirPath = "";
			projectRoot = "";
			targets = (
				D87E87D1213D6CF800D81EA0 /* Fixtures */,
				058F91F023E4410400E8CA5B /* FixturesTests */,
			);
		};
/* End PBXProject section */

/* Begin PBXResourcesBuildPhase section */
		058F91EF23E4410400E8CA5B /* Resources */ = {
			isa = PBXResourcesBuildPhase;
			buildActionMask = 2147483647;
			files = (
				0556248623E4748C00CF4F62 /* getHullMatches.json in Resources */,
			);
			runOnlyForDeploymentPostprocessing = 0;
		};
		D87E87D0213D6CF800D81EA0 /* Resources */ = {
			isa = PBXResourcesBuildPhase;
			buildActionMask = 2147483647;
			files = (
				058F91C623E4348C00E8CA5B /* getHullMatches.json in Resources */,
				058F91C523E4348C00E8CA5B /* teams.json in Resources */,
				D87E87E0213D6CF900D81EA0 /* LaunchScreen.storyboard in Resources */,
				058F921223E4503200E8CA5B /* MatchCell.xib in Resources */,
				D87E87DD213D6CF900D81EA0 /* Assets.xcassets in Resources */,
				D87E87DB213D6CF800D81EA0 /* Main.storyboard in Resources */,
			);
			runOnlyForDeploymentPostprocessing = 0;
		};
/* End PBXResourcesBuildPhase section */

/* Begin PBXShellScriptBuildPhase section */
		07BF2465C7221098648F9306 /* [CP] Embed Pods Frameworks */ = {
			isa = PBXShellScriptBuildPhase;
			buildActionMask = 2147483647;
			files = (
			);
			inputFileListPaths = (
				"${PODS_ROOT}/Target Support Files/Pods-Fixtures/Pods-Fixtures-frameworks-${CONFIGURATION}-input-files.xcfilelist",
			);
			name = "[CP] Embed Pods Frameworks";
			outputFileListPaths = (
				"${PODS_ROOT}/Target Support Files/Pods-Fixtures/Pods-Fixtures-frameworks-${CONFIGURATION}-output-files.xcfilelist",
			);
			runOnlyForDeploymentPostprocessing = 0;
			shellPath = /bin/sh;
			shellScript = "\"${PODS_ROOT}/Target Support Files/Pods-Fixtures/Pods-Fixtures-frameworks.sh\"\n";
			showEnvVarsInLog = 0;
		};
		8BED616FF1A41A9562F14155 /* [CP] Check Pods Manifest.lock */ = {
			isa = PBXShellScriptBuildPhase;
			buildActionMask = 2147483647;
			files = (
			);
			inputPaths = (
				"${PODS_PODFILE_DIR_PATH}/Podfile.lock",
				"${PODS_ROOT}/Manifest.lock",
			);
			name = "[CP] Check Pods Manifest.lock";
			outputPaths = (
				"$(DERIVED_FILE_DIR)/Pods-Fixtures-checkManifestLockResult.txt",
			);
			runOnlyForDeploymentPostprocessing = 0;
			shellPath = /bin/sh;
			shellScript = "diff \"${PODS_PODFILE_DIR_PATH}/Podfile.lock\" \"${PODS_ROOT}/Manifest.lock\" > /dev/null\nif [ $? != 0 ] ; then\n    # print error to STDERR\n    echo \"error: The sandbox is not in sync with the Podfile.lock. Run 'pod install' or update your CocoaPods installation.\" >&2\n    exit 1\nfi\n# This output is used by Xcode 'outputs' to avoid re-running this script phase.\necho \"SUCCESS\" > \"${SCRIPT_OUTPUT_FILE_0}\"\n";
			showEnvVarsInLog = 0;
		};
		B864C94C03C240AB89307103 /* [CP] Embed Pods Frameworks */ = {
			isa = PBXShellScriptBuildPhase;
			buildActionMask = 2147483647;
			files = (
			);
			inputFileListPaths = (
				"${PODS_ROOT}/Target Support Files/Pods-FixturesTests/Pods-FixturesTests-frameworks-${CONFIGURATION}-input-files.xcfilelist",
			);
			name = "[CP] Embed Pods Frameworks";
			outputFileListPaths = (
				"${PODS_ROOT}/Target Support Files/Pods-FixturesTests/Pods-FixturesTests-frameworks-${CONFIGURATION}-output-files.xcfilelist",
			);
			runOnlyForDeploymentPostprocessing = 0;
			shellPath = /bin/sh;
			shellScript = "\"${PODS_ROOT}/Target Support Files/Pods-FixturesTests/Pods-FixturesTests-frameworks.sh\"\n";
			showEnvVarsInLog = 0;
		};
		FF67E68126D4CC9716B06000 /* [CP] Check Pods Manifest.lock */ = {
			isa = PBXShellScriptBuildPhase;
			buildActionMask = 2147483647;
			files = (
			);
			inputFileListPaths = (
			);
			inputPaths = (
				"${PODS_PODFILE_DIR_PATH}/Podfile.lock",
				"${PODS_ROOT}/Manifest.lock",
			);
			name = "[CP] Check Pods Manifest.lock";
			outputFileListPaths = (
			);
			outputPaths = (
				"$(DERIVED_FILE_DIR)/Pods-FixturesTests-checkManifestLockResult.txt",
			);
			runOnlyForDeploymentPostprocessing = 0;
			shellPath = /bin/sh;
			shellScript = "diff \"${PODS_PODFILE_DIR_PATH}/Podfile.lock\" \"${PODS_ROOT}/Manifest.lock\" > /dev/null\nif [ $? != 0 ] ; then\n    # print error to STDERR\n    echo \"error: The sandbox is not in sync with the Podfile.lock. Run 'pod install' or update your CocoaPods installation.\" >&2\n    exit 1\nfi\n# This output is used by Xcode 'outputs' to avoid re-running this script phase.\necho \"SUCCESS\" > \"${SCRIPT_OUTPUT_FILE_0}\"\n";
			showEnvVarsInLog = 0;
		};
/* End PBXShellScriptBuildPhase section */

/* Begin PBXSourcesBuildPhase section */
		058F91ED23E4410400E8CA5B /* Sources */ = {
			isa = PBXSourcesBuildPhase;
			buildActionMask = 2147483647;
			files = (
				058F921423E4529900E8CA5B /* FixturesViewModelTests.swift in Sources */,
				058F91FC23E4412400E8CA5B /* FixturesServiceTests.swift in Sources */,
			);
			runOnlyForDeploymentPostprocessing = 0;
		};
		D87E87CE213D6CF800D81EA0 /* Sources */ = {
			isa = PBXSourcesBuildPhase;
			buildActionMask = 2147483647;
			files = (
				058F91DA23E43B9200E8CA5B /* Filters.swift in Sources */,
				058F91D023E4367700E8CA5B /* FixturesTarget.swift in Sources */,
				058F91A123E42F5100E8CA5B /* BindableType.swift in Sources */,
				058F91AA23E42FEF00E8CA5B /* CollectionView+Idenfitiable.swift in Sources */,
				058F91D423E436CB00E8CA5B /* FixturesService.swift in Sources */,
				058F91D623E436F300E8CA5B /* Config.swift in Sources */,
				058F91CE23E4365100E8CA5B /* GetMatchesRequest.swift in Sources */,
				058F91CB23E435F500E8CA5B /* FixturesError.swift in Sources */,
				058F91E623E43C4200E8CA5B /* Score.swift in Sources */,
				058F91DE23E43BE300E8CA5B /* Team.swift in Sources */,
				058F91A523E42F9600E8CA5B /* StoryboardIdentifiable.swift in Sources */,
				058F91AE23E4301C00E8CA5B /* ClassIdentifiable.swift in Sources */,
				058F91EA23E43C6300E8CA5B /* Season.swift in Sources */,
				058F91A823E42FD100E8CA5B /* UITableView+Identifiable.swift in Sources */,
				D87E87D6213D6CF800D81EA0 /* AppDelegate.swift in Sources */,
				058F91AC23E4300500E8CA5B /* NibIdentifiable.swift in Sources */,
				058F91D823E4371D00E8CA5B /* Base.swift in Sources */,
				058F91A323E42F7200E8CA5B /* Rx+.swift in Sources */,
				058F920E23E44FB800E8CA5B /* MatchCellScoreView.swift in Sources */,
				058F91EC23E43C7100E8CA5B /* Status.swift in Sources */,
				058F920A23E44F7A00E8CA5B /* MatchCellScheduledView.swift in Sources */,
				058F91BD23E4327400E8CA5B /* LaunchManager.swift in Sources */,
				058F91BB23E4323B00E8CA5B /* FixturesViewController.swift in Sources */,
				058F91E823E43C5300E8CA5B /* ExtraTime.swift in Sources */,
				058F91D223E4369B00E8CA5B /* FixtureServiceType.swift in Sources */,
				058F920723E44F5400E8CA5B /* MatchCell.swift in Sources */,
				058F91B223E430A900E8CA5B /* UITableView+.swift in Sources */,
				058F91B023E4308B00E8CA5B /* UIStoryboard+.swift in Sources */,
				058F91E423E43C3100E8CA5B /* Referee.swift in Sources */,
				058F91DC23E43BD400E8CA5B /* Match.swift in Sources */,
				058F91E223E43C1400E8CA5B /* Area.swift in Sources */,
				058F920323E44F0C00E8CA5B /* FixturesViewModel.swift in Sources */,
				058F91E023E43BFB00E8CA5B /* Competition.swift in Sources */,
				058F921023E44FE600E8CA5B /* MatchCellTeamView.swift in Sources */,
				058F920523E44F3C00E8CA5B /* MatchCellViewModel.swift in Sources */,
				058F920C23E44F9300E8CA5B /* MatchCellHeaderView.swift in Sources */,
			);
			runOnlyForDeploymentPostprocessing = 0;
		};
/* End PBXSourcesBuildPhase section */

/* Begin PBXTargetDependency section */
		058F91F723E4410400E8CA5B /* PBXTargetDependency */ = {
			isa = PBXTargetDependency;
			target = D87E87D1213D6CF800D81EA0 /* Fixtures */;
			targetProxy = 058F91F623E4410400E8CA5B /* PBXContainerItemProxy */;
		};
/* End PBXTargetDependency section */

/* Begin PBXVariantGroup section */
		D87E87D9213D6CF800D81EA0 /* Main.storyboard */ = {
			isa = PBXVariantGroup;
			children = (
				D87E87DA213D6CF800D81EA0 /* Base */,
			);
			name = Main.storyboard;
			sourceTree = "<group>";
		};
		D87E87DE213D6CF900D81EA0 /* LaunchScreen.storyboard */ = {
			isa = PBXVariantGroup;
			children = (
				D87E87DF213D6CF900D81EA0 /* Base */,
			);
			name = LaunchScreen.storyboard;
			sourceTree = "<group>";
		};
/* End PBXVariantGroup section */

/* Begin XCBuildConfiguration section */
		058F91F923E4410400E8CA5B /* Debug */ = {
			isa = XCBuildConfiguration;
			baseConfigurationReference = F844624B9BB6A68BC116FE38 /* Pods-FixturesTests.debug.xcconfig */;
			buildSettings = {
				BUNDLE_LOADER = "$(TEST_HOST)";
				CODE_SIGN_STYLE = Automatic;
				DEVELOPMENT_TEAM = VYGZYM27PR;
				INFOPLIST_FILE = FixturesTests/Info.plist;
				IPHONEOS_DEPLOYMENT_TARGET = 13.2;
				LD_RUNPATH_SEARCH_PATHS = (
					"$(inherited)",
					"@executable_path/Frameworks",
					"@loader_path/Frameworks",
				);
				MTL_ENABLE_DEBUG_INFO = INCLUDE_SOURCE;
				MTL_FAST_MATH = YES;
				PRODUCT_BUNDLE_IDENTIFIER = sirman.FixturesTests;
				PRODUCT_NAME = "$(TARGET_NAME)";
				SWIFT_VERSION = 5.0;
				TARGETED_DEVICE_FAMILY = "1,2";
				TEST_HOST = "$(BUILT_PRODUCTS_DIR)/Fixtures.app/Fixtures";
			};
			name = Debug;
		};
		058F91FA23E4410400E8CA5B /* Release */ = {
			isa = XCBuildConfiguration;
			baseConfigurationReference = 335AC0FD85019A20A5CF75DA /* Pods-FixturesTests.release.xcconfig */;
			buildSettings = {
				BUNDLE_LOADER = "$(TEST_HOST)";
				CODE_SIGN_STYLE = Automatic;
				DEVELOPMENT_TEAM = VYGZYM27PR;
				INFOPLIST_FILE = FixturesTests/Info.plist;
				IPHONEOS_DEPLOYMENT_TARGET = 13.2;
				LD_RUNPATH_SEARCH_PATHS = (
					"$(inherited)",
					"@executable_path/Frameworks",
					"@loader_path/Frameworks",
				);
				MTL_FAST_MATH = YES;
				PRODUCT_BUNDLE_IDENTIFIER = sirman.FixturesTests;
				PRODUCT_NAME = "$(TARGET_NAME)";
				SWIFT_VERSION = 5.0;
				TARGETED_DEVICE_FAMILY = "1,2";
				TEST_HOST = "$(BUILT_PRODUCTS_DIR)/Fixtures.app/Fixtures";
			};
			name = Release;
		};
		D87E87E2213D6CF900D81EA0 /* Debug */ = {
			isa = XCBuildConfiguration;
			buildSettings = {
				ALWAYS_SEARCH_USER_PATHS = NO;
				CLANG_ANALYZER_NONNULL = YES;
				CLANG_ANALYZER_NUMBER_OBJECT_CONVERSION = YES_AGGRESSIVE;
				CLANG_CXX_LANGUAGE_STANDARD = "gnu++14";
				CLANG_CXX_LIBRARY = "libc++";
				CLANG_ENABLE_MODULES = YES;
				CLANG_ENABLE_OBJC_ARC = YES;
				CLANG_ENABLE_OBJC_WEAK = YES;
				CLANG_WARN_BLOCK_CAPTURE_AUTORELEASING = YES;
				CLANG_WARN_BOOL_CONVERSION = YES;
				CLANG_WARN_COMMA = YES;
				CLANG_WARN_CONSTANT_CONVERSION = YES;
				CLANG_WARN_DEPRECATED_OBJC_IMPLEMENTATIONS = YES;
				CLANG_WARN_DIRECT_OBJC_ISA_USAGE = YES_ERROR;
				CLANG_WARN_DOCUMENTATION_COMMENTS = YES;
				CLANG_WARN_EMPTY_BODY = YES;
				CLANG_WARN_ENUM_CONVERSION = YES;
				CLANG_WARN_INFINITE_RECURSION = YES;
				CLANG_WARN_INT_CONVERSION = YES;
				CLANG_WARN_NON_LITERAL_NULL_CONVERSION = YES;
				CLANG_WARN_OBJC_IMPLICIT_RETAIN_SELF = YES;
				CLANG_WARN_OBJC_LITERAL_CONVERSION = YES;
				CLANG_WARN_OBJC_ROOT_CLASS = YES_ERROR;
				CLANG_WARN_RANGE_LOOP_ANALYSIS = YES;
				CLANG_WARN_STRICT_PROTOTYPES = YES;
				CLANG_WARN_SUSPICIOUS_MOVE = YES;
				CLANG_WARN_UNGUARDED_AVAILABILITY = YES_AGGRESSIVE;
				CLANG_WARN_UNREACHABLE_CODE = YES;
				CLANG_WARN__DUPLICATE_METHOD_MATCH = YES;
				CODE_SIGN_IDENTITY = "iPhone Developer";
				COPY_PHASE_STRIP = NO;
				DEBUG_INFORMATION_FORMAT = dwarf;
				ENABLE_STRICT_OBJC_MSGSEND = YES;
				ENABLE_TESTABILITY = YES;
				GCC_C_LANGUAGE_STANDARD = gnu11;
				GCC_DYNAMIC_NO_PIC = NO;
				GCC_NO_COMMON_BLOCKS = YES;
				GCC_OPTIMIZATION_LEVEL = 0;
				GCC_PREPROCESSOR_DEFINITIONS = (
					"DEBUG=1",
					"$(inherited)",
				);
				GCC_WARN_64_TO_32_BIT_CONVERSION = YES;
				GCC_WARN_ABOUT_RETURN_TYPE = YES_ERROR;
				GCC_WARN_UNDECLARED_SELECTOR = YES;
				GCC_WARN_UNINITIALIZED_AUTOS = YES_AGGRESSIVE;
				GCC_WARN_UNUSED_FUNCTION = YES;
				GCC_WARN_UNUSED_VARIABLE = YES;
				IPHONEOS_DEPLOYMENT_TARGET = 12.0;
				MTL_ENABLE_DEBUG_INFO = YES;
				ONLY_ACTIVE_ARCH = YES;
				SDKROOT = iphoneos;
				SWIFT_ACTIVE_COMPILATION_CONDITIONS = DEBUG;
				SWIFT_OPTIMIZATION_LEVEL = "-Onone";
				SWIFT_VERSION = 5.0;
			};
			name = Debug;
		};
		D87E87E3213D6CF900D81EA0 /* Release */ = {
			isa = XCBuildConfiguration;
			buildSettings = {
				ALWAYS_SEARCH_USER_PATHS = NO;
				CLANG_ANALYZER_NONNULL = YES;
				CLANG_ANALYZER_NUMBER_OBJECT_CONVERSION = YES_AGGRESSIVE;
				CLANG_CXX_LANGUAGE_STANDARD = "gnu++14";
				CLANG_CXX_LIBRARY = "libc++";
				CLANG_ENABLE_MODULES = YES;
				CLANG_ENABLE_OBJC_ARC = YES;
				CLANG_ENABLE_OBJC_WEAK = YES;
				CLANG_WARN_BLOCK_CAPTURE_AUTORELEASING = YES;
				CLANG_WARN_BOOL_CONVERSION = YES;
				CLANG_WARN_COMMA = YES;
				CLANG_WARN_CONSTANT_CONVERSION = YES;
				CLANG_WARN_DEPRECATED_OBJC_IMPLEMENTATIONS = YES;
				CLANG_WARN_DIRECT_OBJC_ISA_USAGE = YES_ERROR;
				CLANG_WARN_DOCUMENTATION_COMMENTS = YES;
				CLANG_WARN_EMPTY_BODY = YES;
				CLANG_WARN_ENUM_CONVERSION = YES;
				CLANG_WARN_INFINITE_RECURSION = YES;
				CLANG_WARN_INT_CONVERSION = YES;
				CLANG_WARN_NON_LITERAL_NULL_CONVERSION = YES;
				CLANG_WARN_OBJC_IMPLICIT_RETAIN_SELF = YES;
				CLANG_WARN_OBJC_LITERAL_CONVERSION = YES;
				CLANG_WARN_OBJC_ROOT_CLASS = YES_ERROR;
				CLANG_WARN_RANGE_LOOP_ANALYSIS = YES;
				CLANG_WARN_STRICT_PROTOTYPES = YES;
				CLANG_WARN_SUSPICIOUS_MOVE = YES;
				CLANG_WARN_UNGUARDED_AVAILABILITY = YES_AGGRESSIVE;
				CLANG_WARN_UNREACHABLE_CODE = YES;
				CLANG_WARN__DUPLICATE_METHOD_MATCH = YES;
				CODE_SIGN_IDENTITY = "iPhone Developer";
				COPY_PHASE_STRIP = NO;
				DEBUG_INFORMATION_FORMAT = "dwarf-with-dsym";
				ENABLE_NS_ASSERTIONS = NO;
				ENABLE_STRICT_OBJC_MSGSEND = YES;
				GCC_C_LANGUAGE_STANDARD = gnu11;
				GCC_NO_COMMON_BLOCKS = YES;
				GCC_WARN_64_TO_32_BIT_CONVERSION = YES;
				GCC_WARN_ABOUT_RETURN_TYPE = YES_ERROR;
				GCC_WARN_UNDECLARED_SELECTOR = YES;
				GCC_WARN_UNINITIALIZED_AUTOS = YES_AGGRESSIVE;
				GCC_WARN_UNUSED_FUNCTION = YES;
				GCC_WARN_UNUSED_VARIABLE = YES;
				IPHONEOS_DEPLOYMENT_TARGET = 12.0;
				MTL_ENABLE_DEBUG_INFO = NO;
				SDKROOT = iphoneos;
				SWIFT_COMPILATION_MODE = wholemodule;
				SWIFT_OPTIMIZATION_LEVEL = "-O";
				SWIFT_VERSION = 5.0;
				VALIDATE_PRODUCT = YES;
			};
			name = Release;
		};
		D87E87E5213D6CF900D81EA0 /* Debug */ = {
			isa = XCBuildConfiguration;
			baseConfigurationReference = 3E997DC7474396999B3A62F6 /* Pods-Fixtures.debug.xcconfig */;
			buildSettings = {
				ASSETCATALOG_COMPILER_APPICON_NAME = AppIcon;
				CODE_SIGN_STYLE = Automatic;
				INFOPLIST_FILE = Fixtures/Info.plist;
				IPHONEOS_DEPLOYMENT_TARGET = 12.0;
				LD_RUNPATH_SEARCH_PATHS = (
					"$(inherited)",
					"@executable_path/Frameworks",
				);
				PRODUCT_BUNDLE_IDENTIFIER = com.incrowdsports.Fixtures;
				PRODUCT_NAME = "$(TARGET_NAME)";
				SWIFT_VERSION = 5.0;
				TARGETED_DEVICE_FAMILY = "1,2";
			};
			name = Debug;
		};
		D87E87E6213D6CF900D81EA0 /* Release */ = {
			isa = XCBuildConfiguration;
			baseConfigurationReference = 193A015DF768C2FCEEEC9243 /* Pods-Fixtures.release.xcconfig */;
			buildSettings = {
				ASSETCATALOG_COMPILER_APPICON_NAME = AppIcon;
				CODE_SIGN_STYLE = Automatic;
				INFOPLIST_FILE = Fixtures/Info.plist;
				IPHONEOS_DEPLOYMENT_TARGET = 12.0;
				LD_RUNPATH_SEARCH_PATHS = (
					"$(inherited)",
					"@executable_path/Frameworks",
				);
				PRODUCT_BUNDLE_IDENTIFIER = com.incrowdsports.Fixtures;
				PRODUCT_NAME = "$(TARGET_NAME)";
				SWIFT_VERSION = 5.0;
				TARGETED_DEVICE_FAMILY = "1,2";
			};
			name = Release;
		};
/* End XCBuildConfiguration section */

/* Begin XCConfigurationList section */
		058F91F823E4410400E8CA5B /* Build configuration list for PBXNativeTarget "FixturesTests" */ = {
			isa = XCConfigurationList;
			buildConfigurations = (
				058F91F923E4410400E8CA5B /* Debug */,
				058F91FA23E4410400E8CA5B /* Release */,
			);
			defaultConfigurationIsVisible = 0;
			defaultConfigurationName = Release;
		};
		D87E87CD213D6CF700D81EA0 /* Build configuration list for PBXProject "Fixtures" */ = {
			isa = XCConfigurationList;
			buildConfigurations = (
				D87E87E2213D6CF900D81EA0 /* Debug */,
				D87E87E3213D6CF900D81EA0 /* Release */,
			);
			defaultConfigurationIsVisible = 0;
			defaultConfigurationName = Release;
		};
		D87E87E4213D6CF900D81EA0 /* Build configuration list for PBXNativeTarget "Fixtures" */ = {
			isa = XCConfigurationList;
			buildConfigurations = (
				D87E87E5213D6CF900D81EA0 /* Debug */,
				D87E87E6213D6CF900D81EA0 /* Release */,
			);
			defaultConfigurationIsVisible = 0;
			defaultConfigurationName = Release;
		};
/* End XCConfigurationList section */
	};
	rootObject = D87E87CA213D6CF700D81EA0 /* Project object */;
}
